
Microsoft Visual Studio Solution File, Format Version 12.00
# Visual Studio 15
Project("{FAE04EC0-301F-11D3-BF4B-00C04F79EFBC}") = "Vuforia 2017.2.1.p2 test", "Vuforia 2017.2.1.p2 test.csproj", "{AAC372CE-6034-0264-80F6-97125090EDBD}"
EndProject
Project("{FAE04EC0-301F-11D3-BF4B-00C04F79EFBC}") = "Vuforia 2017.2.1.p2 test.Editor", "Vuforia 2017.2.1.p2 test.Editor.csproj", "{F6359B6C-4363-BEFF-E3C6-DECA8F108EEB}"
EndProject
Global
	GlobalSection(SolutionConfigurationPlatforms) = preSolution
		Debug|Any CPU = Debug|Any CPU
		Release|Any CPU = Release|Any CPU
	EndGlobalSection
	GlobalSection(ProjectConfigurationPlatforms) = postSolution
		{AAC372CE-6034-0264-80F6-97125090EDBD}.Debug|Any CPU.ActiveCfg = Debug|Any CPU
		{AAC372CE-6034-0264-80F6-97125090EDBD}.Debug|Any CPU.Build.0 = Debug|Any CPU
		{AAC372CE-6034-0264-80F6-97125090EDBD}.Release|Any CPU.ActiveCfg = Release|Any CPU
		{AAC372CE-6034-0264-80F6-97125090EDBD}.Release|Any CPU.Build.0 = Release|Any CPU
		{F6359B6C-4363-BEFF-E3C6-DECA8F108EEB}.Debug|Any CPU.ActiveCfg = Debug|Any CPU
		{F6359B6C-4363-BEFF-E3C6-DECA8F108EEB}.Debug|Any CPU.Build.0 = Debug|Any CPU
		{F6359B6C-4363-BEFF-E3C6-DECA8F108EEB}.Release|Any CPU.ActiveCfg = Release|Any CPU
		{F6359B6C-4363-BEFF-E3C6-DECA8F108EEB}.Release|Any CPU.Build.0 = Release|Any CPU
	EndGlobalSection
	GlobalSection(SolutionProperties) = preSolution
		HideSolutionNode = FALSE
	EndGlobalSection
EndGlobal
